// !$*UTF8*$!
{
	archiveVersion = 1;
	classes = {
	};
	objectVersion = 50;
	objects = {

/* Begin PBXBuildFile section */
		8F887F8D24CA8F0F00DFBD38 /* AppDelegate.swift in Sources */ = {isa = PBXBuildFile; fileRef = 8F887F8C24CA8F0F00DFBD38 /* AppDelegate.swift */; };
		8F887F8F24CA8F0F00DFBD38 /* SceneDelegate.swift in Sources */ = {isa = PBXBuildFile; fileRef = 8F887F8E24CA8F0F00DFBD38 /* SceneDelegate.swift */; };
		8F887F9124CA8F0F00DFBD38 /* ContentView.swift in Sources */ = {isa = PBXBuildFile; fileRef = 8F887F9024CA8F0F00DFBD38 /* ContentView.swift */; };
		8F887F9324CA8F1200DFBD38 /* Assets.xcassets in Resources */ = {isa = PBXBuildFile; fileRef = 8F887F9224CA8F1200DFBD38 /* Assets.xcassets */; };
		8F887F9624CA8F1200DFBD38 /* Preview Assets.xcassets in Resources */ = {isa = PBXBuildFile; fileRef = 8F887F9524CA8F1200DFBD38 /* Preview Assets.xcassets */; };
		8F887F9924CA8F1200DFBD38 /* LaunchScreen.storyboard in Resources */ = {isa = PBXBuildFile; fileRef = 8F887F9724CA8F1200DFBD38 /* LaunchScreen.storyboard */; };
		8F887FA324CA919700DFBD38 /* GesturesInSwiftUI.swift in Sources */ = {isa = PBXBuildFile; fileRef = 8F887FA224CA919700DFBD38 /* GesturesInSwiftUI.swift */; };
		8F887FA524CBE11200DFBD38 /* VibrationWithCoreHaptics.swift in Sources */ = {isa = PBXBuildFile; fileRef = 8F887FA424CBE11200DFBD38 /* VibrationWithCoreHaptics.swift */; };
		8F887FA824CBEC9200DFBD38 /* DisablingUserInteractivity.swift in Sources */ = {isa = PBXBuildFile; fileRef = 8F887FA724CBEC9200DFBD38 /* DisablingUserInteractivity.swift */; };
		8F887FAA24CBEE7400DFBD38 /* TriggeringEventsWithTimer.swift in Sources */ = {isa = PBXBuildFile; fileRef = 8F887FA924CBEE7400DFBD38 /* TriggeringEventsWithTimer.swift */; };
		8F887FAC24CBF0A600DFBD38 /* NotificationWhenAppMovesToBackground.swift in Sources */ = {isa = PBXBuildFile; fileRef = 8F887FAB24CBF0A600DFBD38 /* NotificationWhenAppMovesToBackground.swift */; };
		8F887FAE24CCA88700DFBD38 /* SupportingSpecificAccessibiityNeeds.swift in Sources */ = {isa = PBXBuildFile; fileRef = 8F887FAD24CCA88700DFBD38 /* SupportingSpecificAccessibiityNeeds.swift */; };
		8F887FB024CD34A000DFBD38 /* Card.swift in Sources */ = {isa = PBXBuildFile; fileRef = 8F887FAF24CD34A000DFBD38 /* Card.swift */; };
		8F887FB224CD35E400DFBD38 /* CardView.swift in Sources */ = {isa = PBXBuildFile; fileRef = 8F887FB124CD35E400DFBD38 /* CardView.swift */; };
		8F887FB424CE8C6300DFBD38 /* EditCards.swift in Sources */ = {isa = PBXBuildFile; fileRef = 8F887FB324CE8C6300DFBD38 /* EditCards.swift */; };
		8F887FB624D1302C00DFBD38 /* Settings.swift in Sources */ = {isa = PBXBuildFile; fileRef = 8F887FB524D1302C00DFBD38 /* Settings.swift */; };
		8FD90D9A2538B52300287F2C /* SummaryView.swift in Sources */ = {isa = PBXBuildFile; fileRef = 8FD90D992538B52300287F2C /* SummaryView.swift */; };
		8FD90D9F253986CB00287F2C /* Utils.swift in Sources */ = {isa = PBXBuildFile; fileRef = 8FD90D9E253986CB00287F2C /* Utils.swift */; };
/* End PBXBuildFile section */

/* Begin PBXFileReference section */
		8F887F8924CA8F0F00DFBD38 /* 17 Flashzilla.app */ = {isa = PBXFileReference; explicitFileType = wrapper.application; includeInIndex = 0; path = "17 Flashzilla.app"; sourceTree = BUILT_PRODUCTS_DIR; };
		8F887F8C24CA8F0F00DFBD38 /* AppDelegate.swift */ = {isa = PBXFileReference; lastKnownFileType = sourcecode.swift; path = AppDelegate.swift; sourceTree = "<group>"; };
		8F887F8E24CA8F0F00DFBD38 /* SceneDelegate.swift */ = {isa = PBXFileReference; lastKnownFileType = sourcecode.swift; path = SceneDelegate.swift; sourceTree = "<group>"; };
		8F887F9024CA8F0F00DFBD38 /* ContentView.swift */ = {isa = PBXFileReference; lastKnownFileType = sourcecode.swift; path = ContentView.swift; sourceTree = "<group>"; };
		8F887F9224CA8F1200DFBD38 /* Assets.xcassets */ = {isa = PBXFileReference; lastKnownFileType = folder.assetcatalog; path = Assets.xcassets; sourceTree = "<group>"; };
		8F887F9524CA8F1200DFBD38 /* Preview Assets.xcassets */ = {isa = PBXFileReference; lastKnownFileType = folder.assetcatalog; path = "Preview Assets.xcassets"; sourceTree = "<group>"; };
		8F887F9824CA8F1200DFBD38 /* Base */ = {isa = PBXFileReference; lastKnownFileType = file.storyboard; name = Base; path = Base.lproj/LaunchScreen.storyboard; sourceTree = "<group>"; };
		8F887F9A24CA8F1200DFBD38 /* Info.plist */ = {isa = PBXFileReference; lastKnownFileType = text.plist.xml; path = Info.plist; sourceTree = "<group>"; };
		8F887FA224CA919700DFBD38 /* GesturesInSwiftUI.swift */ = {isa = PBXFileReference; lastKnownFileType = sourcecode.swift; path = GesturesInSwiftUI.swift; sourceTree = "<group>"; };
		8F887FA424CBE11200DFBD38 /* VibrationWithCoreHaptics.swift */ = {isa = PBXFileReference; lastKnownFileType = sourcecode.swift; path = VibrationWithCoreHaptics.swift; sourceTree = "<group>"; };
		8F887FA724CBEC9200DFBD38 /* DisablingUserInteractivity.swift */ = {isa = PBXFileReference; lastKnownFileType = sourcecode.swift; path = DisablingUserInteractivity.swift; sourceTree = "<group>"; };
		8F887FA924CBEE7400DFBD38 /* TriggeringEventsWithTimer.swift */ = {isa = PBXFileReference; lastKnownFileType = sourcecode.swift; path = TriggeringEventsWithTimer.swift; sourceTree = "<group>"; };
		8F887FAB24CBF0A600DFBD38 /* NotificationWhenAppMovesToBackground.swift */ = {isa = PBXFileReference; lastKnownFileType = sourcecode.swift; path = NotificationWhenAppMovesToBackground.swift; sourceTree = "<group>"; };
		8F887FAD24CCA88700DFBD38 /* SupportingSpecificAccessibiityNeeds.swift */ = {isa = PBXFileReference; lastKnownFileType = sourcecode.swift; path = SupportingSpecificAccessibiityNeeds.swift; sourceTree = "<group>"; };
		8F887FAF24CD34A000DFBD38 /* Card.swift */ = {isa = PBXFileReference; lastKnownFileType = sourcecode.swift; path = Card.swift; sourceTree = "<group>"; };
		8F887FB124CD35E400DFBD38 /* CardView.swift */ = {isa = PBXFileReference; lastKnownFileType = sourcecode.swift; path = CardView.swift; sourceTree = "<group>"; };
		8F887FB324CE8C6300DFBD38 /* EditCards.swift */ = {isa = PBXFileReference; lastKnownFileType = sourcecode.swift; path = EditCards.swift; sourceTree = "<group>"; };
		8F887FB524D1302C00DFBD38 /* Settings.swift */ = {isa = PBXFileReference; lastKnownFileType = sourcecode.swift; path = Settings.swift; sourceTree = "<group>"; };
		8FD90D992538B52300287F2C /* SummaryView.swift */ = {isa = PBXFileReference; lastKnownFileType = sourcecode.swift; path = SummaryView.swift; sourceTree = "<group>"; };
		8FD90D9E253986CB00287F2C /* Utils.swift */ = {isa = PBXFileReference; lastKnownFileType = sourcecode.swift; path = Utils.swift; sourceTree = "<group>"; };
/* End PBXFileReference section */

/* Begin PBXFrameworksBuildPhase section */
		8F887F8624CA8F0F00DFBD38 /* Frameworks */ = {
			isa = PBXFrameworksBuildPhase;
			buildActionMask = 2147483647;
			files = (
			);
			runOnlyForDeploymentPostprocessing = 0;
		};
/* End PBXFrameworksBuildPhase section */

/* Begin PBXGroup section */
		8F887F8024CA8F0F00DFBD38 = {
			isa = PBXGroup;
			children = (
				8F887F8B24CA8F0F00DFBD38 /* 17 Flashzilla */,
				8F887F8A24CA8F0F00DFBD38 /* Products */,
			);
			sourceTree = "<group>";
		};
		8F887F8A24CA8F0F00DFBD38 /* Products */ = {
			isa = PBXGroup;
			children = (
				8F887F8924CA8F0F00DFBD38 /* 17 Flashzilla.app */,
			);
			name = Products;
			sourceTree = "<group>";
		};
		8F887F8B24CA8F0F00DFBD38 /* 17 Flashzilla */ = {
			isa = PBXGroup;
			children = (
				8F887F8C24CA8F0F00DFBD38 /* AppDelegate.swift */,
				8F887F8E24CA8F0F00DFBD38 /* SceneDelegate.swift */,
				8FD90D9E253986CB00287F2C /* Utils.swift */,
				8F887FA624CBE11B00DFBD38 /* Intro */,
				8FD90D952537FAAC00287F2C /* Model */,
				8FD90D972538B40700287F2C /* View */,
				8F887F9224CA8F1200DFBD38 /* Assets.xcassets */,
				8F887F9724CA8F1200DFBD38 /* LaunchScreen.storyboard */,
				8F887F9A24CA8F1200DFBD38 /* Info.plist */,
				8F887F9424CA8F1200DFBD38 /* Preview Content */,
			);
			path = "17 Flashzilla";
			sourceTree = "<group>";
		};
		8F887F9424CA8F1200DFBD38 /* Preview Content */ = {
			isa = PBXGroup;
			children = (
				8F887F9524CA8F1200DFBD38 /* Preview Assets.xcassets */,
			);
			path = "Preview Content";
			sourceTree = "<group>";
		};
		8F887FA624CBE11B00DFBD38 /* Intro */ = {
			isa = PBXGroup;
			children = (
				8F887FA224CA919700DFBD38 /* GesturesInSwiftUI.swift */,
				8F887FA424CBE11200DFBD38 /* VibrationWithCoreHaptics.swift */,
				8F887FA724CBEC9200DFBD38 /* DisablingUserInteractivity.swift */,
				8F887FA924CBEE7400DFBD38 /* TriggeringEventsWithTimer.swift */,
				8F887FAB24CBF0A600DFBD38 /* NotificationWhenAppMovesToBackground.swift */,
				8F887FAD24CCA88700DFBD38 /* SupportingSpecificAccessibiityNeeds.swift */,
			);
			path = Intro;
			sourceTree = "<group>";
		};
		8FD90D952537FAAC00287F2C /* Model */ = {
			isa = PBXGroup;
			children = (
				8F887FAF24CD34A000DFBD38 /* Card.swift */,
			);
			path = Model;
			sourceTree = "<group>";
		};
		8FD90D972538B40700287F2C /* View */ = {
			isa = PBXGroup;
			children = (
				8F887F9024CA8F0F00DFBD38 /* ContentView.swift */,
				8F887FB124CD35E400DFBD38 /* CardView.swift */,
				8F887FB324CE8C6300DFBD38 /* EditCards.swift */,
				8F887FB524D1302C00DFBD38 /* Settings.swift */,
				8FD90D992538B52300287F2C /* SummaryView.swift */,
			);
			path = View;
			sourceTree = "<group>";
		};
/* End PBXGroup section */

/* Begin PBXNativeTarget section */
		8F887F8824CA8F0F00DFBD38 /* 17 Flashzilla */ = {
			isa = PBXNativeTarget;
			buildConfigurationList = 8F887F9D24CA8F1200DFBD38 /* Build configuration list for PBXNativeTarget "17 Flashzilla" */;
			buildPhases = (
				8F887F8524CA8F0F00DFBD38 /* Sources */,
				8F887F8624CA8F0F00DFBD38 /* Frameworks */,
				8F887F8724CA8F0F00DFBD38 /* Resources */,
			);
			buildRules = (
			);
			dependencies = (
			);
			name = "17 Flashzilla";
			productName = "17 Flashzilla";
			productReference = 8F887F8924CA8F0F00DFBD38 /* 17 Flashzilla.app */;
			productType = "com.apple.product-type.application";
		};
/* End PBXNativeTarget section */

/* Begin PBXProject section */
		8F887F8124CA8F0F00DFBD38 /* Project object */ = {
			isa = PBXProject;
			attributes = {
				LastSwiftUpdateCheck = 1160;
				LastUpgradeCheck = 1200;
				ORGANIZATIONNAME = Neeka;
				TargetAttributes = {
					8F887F8824CA8F0F00DFBD38 = {
						CreatedOnToolsVersion = 11.6;
					};
				};
			};
			buildConfigurationList = 8F887F8424CA8F0F00DFBD38 /* Build configuration list for PBXProject "17 Flashzilla" */;
			compatibilityVersion = "Xcode 9.3";
			developmentRegion = en;
			hasScannedForEncodings = 0;
			knownRegions = (
				en,
				Base,
			);
			mainGroup = 8F887F8024CA8F0F00DFBD38;
			productRefGroup = 8F887F8A24CA8F0F00DFBD38 /* Products */;
			projectDirPath = "";
			projectRoot = "";
			targets = (
				8F887F8824CA8F0F00DFBD38 /* 17 Flashzilla */,
			);
		};
/* End PBXProject section */

/* Begin PBXResourcesBuildPhase section */
		8F887F8724CA8F0F00DFBD38 /* Resources */ = {
			isa = PBXResourcesBuildPhase;
			buildActionMask = 2147483647;
			files = (
				8F887F9924CA8F1200DFBD38 /* LaunchScreen.storyboard in Resources */,
				8F887F9624CA8F1200DFBD38 /* Preview Assets.xcassets in Resources */,
				8F887F9324CA8F1200DFBD38 /* Assets.xcassets in Resources */,
			);
			runOnlyForDeploymentPostprocessing = 0;
		};
/* End PBXResourcesBuildPhase section */

/* Begin PBXSourcesBuildPhase section */
		8F887F8524CA8F0F00DFBD38 /* Sources */ = {
			isa = PBXSourcesBuildPhase;
			buildActionMask = 2147483647;
			files = (
				8F887F8D24CA8F0F00DFBD38 /* AppDelegate.swift in Sources */,
				8FD90D9A2538B52300287F2C /* SummaryView.swift in Sources */,
				8F887F8F24CA8F0F00DFBD38 /* SceneDelegate.swift in Sources */,
				8F887FB624D1302C00DFBD38 /* Settings.swift in Sources */,
				8F887FA824CBEC9200DFBD38 /* DisablingUserInteractivity.swift in Sources */,
				8FD90D9F253986CB00287F2C /* Utils.swift in Sources */,
				8F887FAE24CCA88700DFBD38 /* SupportingSpecificAccessibiityNeeds.swift in Sources */,
				8F887FA324CA919700DFBD38 /* GesturesInSwiftUI.swift in Sources */,
				8F887FAC24CBF0A600DFBD38 /* NotificationWhenAppMovesToBackground.swift in Sources */,
				8F887F9124CA8F0F00DFBD38 /* ContentView.swift in Sources */,
				8F887FB024CD34A000DFBD38 /* Card.swift in Sources */,
				8F887FAA24CBEE7400DFBD38 /* TriggeringEventsWithTimer.swift in Sources */,
				8F887FB424CE8C6300DFBD38 /* EditCards.swift in Sources */,
				8F887FB224CD35E400DFBD38 /* CardView.swift in Sources */,
				8F887FA524CBE11200DFBD38 /* VibrationWithCoreHaptics.swift in Sources */,
			);
			runOnlyForDeploymentPostprocessing = 0;
		};
/* End PBXSourcesBuildPhase section */

/* Begin PBXVariantGroup section */
		8F887F9724CA8F1200DFBD38 /* LaunchScreen.storyboard */ = {
			isa = PBXVariantGroup;
			children = (
				8F887F9824CA8F1200DFBD38 /* Base */,
			);
			name = LaunchScreen.storyboard;
			sourceTree = "<group>";
		};
/* End PBXVariantGroup section */

/* Begin XCBuildConfiguration section */
		8F887F9B24CA8F1200DFBD38 /* Debug */ = {
			isa = XCBuildConfiguration;
			buildSettings = {
				ALWAYS_SEARCH_USER_PATHS = NO;
				CLANG_ANALYZER_NONNULL = YES;
				CLANG_ANALYZER_NUMBER_OBJECT_CONVERSION = YES_AGGRESSIVE;
				CLANG_CXX_LANGUAGE_STANDARD = "gnu++14";
				CLANG_CXX_LIBRARY = "libc++";
				CLANG_ENABLE_MODULES = YES;
				CLANG_ENABLE_OBJC_ARC = YES;
				CLANG_ENABLE_OBJC_WEAK = YES;
				CLANG_WARN_BLOCK_CAPTURE_AUTORELEASING = YES;
				CLANG_WARN_BOOL_CONVERSION = YES;
				CLANG_WARN_COMMA = YES;
				CLANG_WARN_CONSTANT_CONVERSION = YES;
				CLANG_WARN_DEPRECATED_OBJC_IMPLEMENTATIONS = YES;
				CLANG_WARN_DIRECT_OBJC_ISA_USAGE = YES_ERROR;
				CLANG_WARN_DOCUMENTATION_COMMENTS = YES;
				CLANG_WARN_EMPTY_BODY = YES;
				CLANG_WARN_ENUM_CONVERSION = YES;
				CLANG_WARN_INFINITE_RECURSION = YES;
				CLANG_WARN_INT_CONVERSION = YES;
				CLANG_WARN_NON_LITERAL_NULL_CONVERSION = YES;
				CLANG_WARN_OBJC_IMPLICIT_RETAIN_SELF = YES;
				CLANG_WARN_OBJC_LITERAL_CONVERSION = YES;
				CLANG_WARN_OBJC_ROOT_CLASS = YES_ERROR;
				CLANG_WARN_QUOTED_INCLUDE_IN_FRAMEWORK_HEADER = YES;
				CLANG_WARN_RANGE_LOOP_ANALYSIS = YES;
				CLANG_WARN_STRICT_PROTOTYPES = YES;
				CLANG_WARN_SUSPICIOUS_MOVE = YES;
				CLANG_WARN_UNGUARDED_AVAILABILITY = YES_AGGRESSIVE;
				CLANG_WARN_UNREACHABLE_CODE = YES;
				CLANG_WARN__DUPLICATE_METHOD_MATCH = YES;
				COPY_PHASE_STRIP = NO;
				DEBUG_INFORMATION_FORMAT = dwarf;
				ENABLE_STRICT_OBJC_MSGSEND = YES;
				ENABLE_TESTABILITY = YES;
				GCC_C_LANGUAGE_STANDARD = gnu11;
				GCC_DYNAMIC_NO_PIC = NO;
				GCC_NO_COMMON_BLOCKS = YES;
				GCC_OPTIMIZATION_LEVEL = 0;
				GCC_PREPROCESSOR_DEFINITIONS = (
					"DEBUG=1",
					"$(inherited)",
				);
				GCC_WARN_64_TO_32_BIT_CONVERSION = YES;
				GCC_WARN_ABOUT_RETURN_TYPE = YES_ERROR;
				GCC_WARN_UNDECLARED_SELECTOR = YES;
				GCC_WARN_UNINITIALIZED_AUTOS = YES_AGGRESSIVE;
				GCC_WARN_UNUSED_FUNCTION = YES;
				GCC_WARN_UNUSED_VARIABLE = YES;
				IPHONEOS_DEPLOYMENT_TARGET = 13.6;
				MTL_ENABLE_DEBUG_INFO = INCLUDE_SOURCE;
				MTL_FAST_MATH = YES;
				ONLY_ACTIVE_ARCH = YES;
				SDKROOT = iphoneos;
				SWIFT_ACTIVE_COMPILATION_CONDITIONS = DEBUG;
				SWIFT_OPTIMIZATION_LEVEL = "-Onone";
			};
			name = Debug;
		};
		8F887F9C24CA8F1200DFBD38 /* Release */ = {
			isa = XCBuildConfiguration;
			buildSettings = {
				ALWAYS_SEARCH_USER_PATHS = NO;
				CLANG_ANALYZER_NONNULL = YES;
				CLANG_ANALYZER_NUMBER_OBJECT_CONVERSION = YES_AGGRESSIVE;
				CLANG_CXX_LANGUAGE_STANDARD = "gnu++14";
				CLANG_CXX_LIBRARY = "libc++";
				CLANG_ENABLE_MODULES = YES;
				CLANG_ENABLE_OBJC_ARC = YES;
				CLANG_ENABLE_OBJC_WEAK = YES;
				CLANG_WARN_BLOCK_CAPTURE_AUTORELEASING = YES;
				CLANG_WARN_BOOL_CONVERSION = YES;
				CLANG_WARN_COMMA = YES;
				CLANG_WARN_CONSTANT_CONVERSION = YES;
				CLANG_WARN_DEPRECATED_OBJC_IMPLEMENTATIONS = YES;
				CLANG_WARN_DIRECT_OBJC_ISA_USAGE = YES_ERROR;
				CLANG_WARN_DOCUMENTATION_COMMENTS = YES;
				CLANG_WARN_EMPTY_BODY = YES;
				CLANG_WARN_ENUM_CONVERSION = YES;
				CLANG_WARN_INFINITE_RECURSION = YES;
				CLANG_WARN_INT_CONVERSION = YES;
				CLANG_WARN_NON_LITERAL_NULL_CONVERSION = YES;
				CLANG_WARN_OBJC_IMPLICIT_RETAIN_SELF = YES;
				CLANG_WARN_OBJC_LITERAL_CONVERSION = YES;
				CLANG_WARN_OBJC_ROOT_CLASS = YES_ERROR;
				CLANG_WARN_QUOTED_INCLUDE_IN_FRAMEWORK_HEADER = YES;
				CLANG_WARN_RANGE_LOOP_ANALYSIS = YES;
				CLANG_WARN_STRICT_PROTOTYPES = YES;
				CLANG_WARN_SUSPICIOUS_MOVE = YES;
				CLANG_WARN_UNGUARDED_AVAILABILITY = YES_AGGRESSIVE;
				CLANG_WARN_UNREACHABLE_CODE = YES;
				CLANG_WARN__DUPLICATE_METHOD_MATCH = YES;
				COPY_PHASE_STRIP = NO;
				DEBUG_INFORMATION_FORMAT = "dwarf-with-dsym";
				ENABLE_NS_ASSERTIONS = NO;
				ENABLE_STRICT_OBJC_MSGSEND = YES;
				GCC_C_LANGUAGE_STANDARD = gnu11;
				GCC_NO_COMMON_BLOCKS = YES;
				GCC_WARN_64_TO_32_BIT_CONVERSION = YES;
				GCC_WARN_ABOUT_RETURN_TYPE = YES_ERROR;
				GCC_WARN_UNDECLARED_SELECTOR = YES;
				GCC_WARN_UNINITIALIZED_AUTOS = YES_AGGRESSIVE;
				GCC_WARN_UNUSED_FUNCTION = YES;
				GCC_WARN_UNUSED_VARIABLE = YES;
				IPHONEOS_DEPLOYMENT_TARGET = 13.6;
				MTL_ENABLE_DEBUG_INFO = NO;
				MTL_FAST_MATH = YES;
				SDKROOT = iphoneos;
				SWIFT_COMPILATION_MODE = wholemodule;
				SWIFT_OPTIMIZATION_LEVEL = "-O";
				VALIDATE_PRODUCT = YES;
			};
			name = Release;
		};
		8F887F9E24CA8F1200DFBD38 /* Debug */ = {
			isa = XCBuildConfiguration;
			buildSettings = {
				ASSETCATALOG_COMPILER_APPICON_NAME = AppIcon;
				CODE_SIGN_STYLE = Automatic;
				DEVELOPMENT_ASSET_PATHS = "\"17 Flashzilla/Preview Content\"";
				DEVELOPMENT_TEAM = 2Z95Q296XK;
				ENABLE_PREVIEWS = YES;
				INFOPLIST_FILE = "17 Flashzilla/Info.plist";
				LD_RUNPATH_SEARCH_PATHS = (
					"$(inherited)",
					"@executable_path/Frameworks",
				);
				PRODUCT_BUNDLE_IDENTIFIER = "com.neeka.-7-Flashzilla";
				PRODUCT_NAME = "$(TARGET_NAME)";
				SWIFT_VERSION = 5.0;
				TARGETED_DEVICE_FAMILY = "1,2";
			};
			name = Debug;
		};
		8F887F9F24CA8F1200DFBD38 /* Release */ = {
			isa = XCBuildConfiguration;
			buildSettings = {
				ASSETCATALOG_COMPILER_APPICON_NAME = AppIcon;
				CODE_SIGN_STYLE = Automatic;
				DEVELOPMENT_ASSET_PATHS = "\"17 Flashzilla/Preview Content\"";
				DEVELOPMENT_TEAM = 2Z95Q296XK;
				ENABLE_PREVIEWS = YES;
				INFOPLIST_FILE = "17 Flashzilla/Info.plist";
				LD_RUNPATH_SEARCH_PATHS = (
					"$(inherited)",
					"@executable_path/Frameworks",
				);
				PRODUCT_BUNDLE_IDENTIFIER = "com.neeka.-7-Flashzilla";
				PRODUCT_NAME = "$(TARGET_NAME)";
				SWIFT_VERSION = 5.0;
				TARGETED_DEVICE_FAMILY = "1,2";
			};
			name = Release;
		};
/* End XCBuildConfiguration section */

/* Begin XCConfigurationList section */
		8F887F8424CA8F0F00DFBD38 /* Build configuration list for PBXProject "17 Flashzilla" */ = {
			isa = XCConfigurationList;
			buildConfigurations = (
				8F887F9B24CA8F1200DFBD38 /* Debug */,
				8F887F9C24CA8F1200DFBD38 /* Release */,
			);
			defaultConfigurationIsVisible = 0;
			defaultConfigurationName = Release;
		};
		8F887F9D24CA8F1200DFBD38 /* Build configuration list for PBXNativeTarget "17 Flashzilla" */ = {
			isa = XCConfigurationList;
			buildConfigurations = (
				8F887F9E24CA8F1200DFBD38 /* Debug */,
				8F887F9F24CA8F1200DFBD38 /* Release */,
			);
			defaultConfigurationIsVisible = 0;
			defaultConfigurationName = Release;
		};
/* End XCConfigurationList section */
	};
	rootObject = 8F887F8124CA8F0F00DFBD38 /* Project object */;
}
