// !$*UTF8*$!
{
	archiveVersion = 1;
	classes = {
	};
	objectVersion = 50;
	objects = {

/* Begin PBXBuildFile section */
		8F61E90C247F7209007A2C6E /* AddHabit.swift in Sources */ = {isa = PBXBuildFile; fileRef = 8F61E90B247F7209007A2C6E /* AddHabit.swift */; };
		8F61E92E2480C313007A2C6E /* EditHabit.swift in Sources */ = {isa = PBXBuildFile; fileRef = 8F61E92D2480C313007A2C6E /* EditHabit.swift */; };
		8FD3BC7B247D02E2004B11CA /* AppDelegate.swift in Sources */ = {isa = PBXBuildFile; fileRef = 8FD3BC7A247D02E2004B11CA /* AppDelegate.swift */; };
		8FD3BC7D247D02E2004B11CA /* SceneDelegate.swift in Sources */ = {isa = PBXBuildFile; fileRef = 8FD3BC7C247D02E2004B11CA /* SceneDelegate.swift */; };
		8FD3BC7F247D02E2004B11CA /* ContentView.swift in Sources */ = {isa = PBXBuildFile; fileRef = 8FD3BC7E247D02E2004B11CA /* ContentView.swift */; };
		8FD3BC81247D02E3004B11CA /* Assets.xcassets in Resources */ = {isa = PBXBuildFile; fileRef = 8FD3BC80247D02E3004B11CA /* Assets.xcassets */; };
		8FD3BC84247D02E3004B11CA /* Preview Assets.xcassets in Resources */ = {isa = PBXBuildFile; fileRef = 8FD3BC83247D02E3004B11CA /* Preview Assets.xcassets */; };
		8FD3BC87247D02E3004B11CA /* LaunchScreen.storyboard in Resources */ = {isa = PBXBuildFile; fileRef = 8FD3BC85247D02E3004B11CA /* LaunchScreen.storyboard */; };
		8FD3BC8F247E1DD1004B11CA /* Habit.swift in Sources */ = {isa = PBXBuildFile; fileRef = 8FD3BC8E247E1DD1004B11CA /* Habit.swift */; };
/* End PBXBuildFile section */

/* Begin PBXFileReference section */
		8F61E90B247F7209007A2C6E /* AddHabit.swift */ = {isa = PBXFileReference; lastKnownFileType = sourcecode.swift; path = AddHabit.swift; sourceTree = "<group>"; };
		8F61E92D2480C313007A2C6E /* EditHabit.swift */ = {isa = PBXFileReference; lastKnownFileType = sourcecode.swift; path = EditHabit.swift; sourceTree = "<group>"; };
		8FD3BC77247D02E2004B11CA /* 07-09 Challenge - iHabit.app */ = {isa = PBXFileReference; explicitFileType = wrapper.application; includeInIndex = 0; path = "07-09 Challenge - iHabit.app"; sourceTree = BUILT_PRODUCTS_DIR; };
		8FD3BC7A247D02E2004B11CA /* AppDelegate.swift */ = {isa = PBXFileReference; lastKnownFileType = sourcecode.swift; path = AppDelegate.swift; sourceTree = "<group>"; };
		8FD3BC7C247D02E2004B11CA /* SceneDelegate.swift */ = {isa = PBXFileReference; lastKnownFileType = sourcecode.swift; path = SceneDelegate.swift; sourceTree = "<group>"; };
		8FD3BC7E247D02E2004B11CA /* ContentView.swift */ = {isa = PBXFileReference; lastKnownFileType = sourcecode.swift; path = ContentView.swift; sourceTree = "<group>"; };
		8FD3BC80247D02E3004B11CA /* Assets.xcassets */ = {isa = PBXFileReference; lastKnownFileType = folder.assetcatalog; path = Assets.xcassets; sourceTree = "<group>"; };
		8FD3BC83247D02E3004B11CA /* Preview Assets.xcassets */ = {isa = PBXFileReference; lastKnownFileType = folder.assetcatalog; path = "Preview Assets.xcassets"; sourceTree = "<group>"; };
		8FD3BC86247D02E3004B11CA /* Base */ = {isa = PBXFileReference; lastKnownFileType = file.storyboard; name = Base; path = Base.lproj/LaunchScreen.storyboard; sourceTree = "<group>"; };
		8FD3BC88247D02E3004B11CA /* Info.plist */ = {isa = PBXFileReference; lastKnownFileType = text.plist.xml; path = Info.plist; sourceTree = "<group>"; };
		8FD3BC8E247E1DD1004B11CA /* Habit.swift */ = {isa = PBXFileReference; lastKnownFileType = sourcecode.swift; path = Habit.swift; sourceTree = "<group>"; };
/* End PBXFileReference section */

/* Begin PBXFrameworksBuildPhase section */
		8FD3BC74247D02E2004B11CA /* Frameworks */ = {
			isa = PBXFrameworksBuildPhase;
			buildActionMask = 2147483647;
			files = (
			);
			runOnlyForDeploymentPostprocessing = 0;
		};
/* End PBXFrameworksBuildPhase section */

/* Begin PBXGroup section */
		8FD3BC6E247D02E2004B11CA = {
			isa = PBXGroup;
			children = (
				8FD3BC79247D02E2004B11CA /* 07-09 Challenge - iHabit */,
				8FD3BC78247D02E2004B11CA /* Products */,
			);
			sourceTree = "<group>";
		};
		8FD3BC78247D02E2004B11CA /* Products */ = {
			isa = PBXGroup;
			children = (
				8FD3BC77247D02E2004B11CA /* 07-09 Challenge - iHabit.app */,
			);
			name = Products;
			sourceTree = "<group>";
		};
		8FD3BC79247D02E2004B11CA /* 07-09 Challenge - iHabit */ = {
			isa = PBXGroup;
			children = (
				8FD3BC7A247D02E2004B11CA /* AppDelegate.swift */,
				8FD3BC7C247D02E2004B11CA /* SceneDelegate.swift */,
				8FD3BC7E247D02E2004B11CA /* ContentView.swift */,
				8FD3BC8E247E1DD1004B11CA /* Habit.swift */,
				8F61E90B247F7209007A2C6E /* AddHabit.swift */,
				8F61E92D2480C313007A2C6E /* EditHabit.swift */,
				8FD3BC80247D02E3004B11CA /* Assets.xcassets */,
				8FD3BC85247D02E3004B11CA /* LaunchScreen.storyboard */,
				8FD3BC88247D02E3004B11CA /* Info.plist */,
				8FD3BC82247D02E3004B11CA /* Preview Content */,
			);
			path = "07-09 Challenge - iHabit";
			sourceTree = "<group>";
		};
		8FD3BC82247D02E3004B11CA /* Preview Content */ = {
			isa = PBXGroup;
			children = (
				8FD3BC83247D02E3004B11CA /* Preview Assets.xcassets */,
			);
			path = "Preview Content";
			sourceTree = "<group>";
		};
/* End PBXGroup section */

/* Begin PBXNativeTarget section */
		8FD3BC76247D02E2004B11CA /* 07-09 Challenge - iHabit */ = {
			isa = PBXNativeTarget;
			buildConfigurationList = 8FD3BC8B247D02E3004B11CA /* Build configuration list for PBXNativeTarget "07-09 Challenge - iHabit" */;
			buildPhases = (
				8FD3BC73247D02E2004B11CA /* Sources */,
				8FD3BC74247D02E2004B11CA /* Frameworks */,
				8FD3BC75247D02E2004B11CA /* Resources */,
			);
			buildRules = (
			);
			dependencies = (
			);
			name = "07-09 Challenge - iHabit";
			productName = "07-09 Challenge - iHabit";
			productReference = 8FD3BC77247D02E2004B11CA /* 07-09 Challenge - iHabit.app */;
			productType = "com.apple.product-type.application";
		};
/* End PBXNativeTarget section */

/* Begin PBXProject section */
		8FD3BC6F247D02E2004B11CA /* Project object */ = {
			isa = PBXProject;
			attributes = {
				LastSwiftUpdateCheck = 1150;
				LastUpgradeCheck = 1150;
				ORGANIZATIONNAME = Neeka;
				TargetAttributes = {
					8FD3BC76247D02E2004B11CA = {
						CreatedOnToolsVersion = 11.5;
					};
				};
			};
			buildConfigurationList = 8FD3BC72247D02E2004B11CA /* Build configuration list for PBXProject "07-09 Challenge - iHabit" */;
			compatibilityVersion = "Xcode 9.3";
			developmentRegion = en;
			hasScannedForEncodings = 0;
			knownRegions = (
				en,
				Base,
			);
			mainGroup = 8FD3BC6E247D02E2004B11CA;
			productRefGroup = 8FD3BC78247D02E2004B11CA /* Products */;
			projectDirPath = "";
			projectRoot = "";
			targets = (
				8FD3BC76247D02E2004B11CA /* 07-09 Challenge - iHabit */,
			);
		};
/* End PBXProject section */

/* Begin PBXResourcesBuildPhase section */
		8FD3BC75247D02E2004B11CA /* Resources */ = {
			isa = PBXResourcesBuildPhase;
			buildActionMask = 2147483647;
			files = (
				8FD3BC87247D02E3004B11CA /* LaunchScreen.storyboard in Resources */,
				8FD3BC84247D02E3004B11CA /* Preview Assets.xcassets in Resources */,
				8FD3BC81247D02E3004B11CA /* Assets.xcassets in Resources */,
			);
			runOnlyForDeploymentPostprocessing = 0;
		};
/* End PBXResourcesBuildPhase section */

/* Begin PBXSourcesBuildPhase section */
		8FD3BC73247D02E2004B11CA /* Sources */ = {
			isa = PBXSourcesBuildPhase;
			buildActionMask = 2147483647;
			files = (
				8F61E92E2480C313007A2C6E /* EditHabit.swift in Sources */,
				8FD3BC7B247D02E2004B11CA /* AppDelegate.swift in Sources */,
				8F61E90C247F7209007A2C6E /* AddHabit.swift in Sources */,
				8FD3BC7D247D02E2004B11CA /* SceneDelegate.swift in Sources */,
				8FD3BC8F247E1DD1004B11CA /* Habit.swift in Sources */,
				8FD3BC7F247D02E2004B11CA /* ContentView.swift in Sources */,
			);
			runOnlyForDeploymentPostprocessing = 0;
		};
/* End PBXSourcesBuildPhase section */

/* Begin PBXVariantGroup section */
		8FD3BC85247D02E3004B11CA /* LaunchScreen.storyboard */ = {
			isa = PBXVariantGroup;
			children = (
				8FD3BC86247D02E3004B11CA /* Base */,
			);
			name = LaunchScreen.storyboard;
			sourceTree = "<group>";
		};
/* End PBXVariantGroup section */

/* Begin XCBuildConfiguration section */
		8FD3BC89247D02E3004B11CA /* Debug */ = {
			isa = XCBuildConfiguration;
			buildSettings = {
				ALWAYS_SEARCH_USER_PATHS = NO;
				CLANG_ANALYZER_NONNULL = YES;
				CLANG_ANALYZER_NUMBER_OBJECT_CONVERSION = YES_AGGRESSIVE;
				CLANG_CXX_LANGUAGE_STANDARD = "gnu++14";
				CLANG_CXX_LIBRARY = "libc++";
				CLANG_ENABLE_MODULES = YES;
				CLANG_ENABLE_OBJC_ARC = YES;
				CLANG_ENABLE_OBJC_WEAK = YES;
				CLANG_WARN_BLOCK_CAPTURE_AUTORELEASING = YES;
				CLANG_WARN_BOOL_CONVERSION = YES;
				CLANG_WARN_COMMA = YES;
				CLANG_WARN_CONSTANT_CONVERSION = YES;
				CLANG_WARN_DEPRECATED_OBJC_IMPLEMENTATIONS = YES;
				CLANG_WARN_DIRECT_OBJC_ISA_USAGE = YES_ERROR;
				CLANG_WARN_DOCUMENTATION_COMMENTS = YES;
				CLANG_WARN_EMPTY_BODY = YES;
				CLANG_WARN_ENUM_CONVERSION = YES;
				CLANG_WARN_INFINITE_RECURSION = YES;
				CLANG_WARN_INT_CONVERSION = YES;
				CLANG_WARN_NON_LITERAL_NULL_CONVERSION = YES;
				CLANG_WARN_OBJC_IMPLICIT_RETAIN_SELF = YES;
				CLANG_WARN_OBJC_LITERAL_CONVERSION = YES;
				CLANG_WARN_OBJC_ROOT_CLASS = YES_ERROR;
				CLANG_WARN_RANGE_LOOP_ANALYSIS = YES;
				CLANG_WARN_STRICT_PROTOTYPES = YES;
				CLANG_WARN_SUSPICIOUS_MOVE = YES;
				CLANG_WARN_UNGUARDED_AVAILABILITY = YES_AGGRESSIVE;
				CLANG_WARN_UNREACHABLE_CODE = YES;
				CLANG_WARN__DUPLICATE_METHOD_MATCH = YES;
				COPY_PHASE_STRIP = NO;
				DEBUG_INFORMATION_FORMAT = dwarf;
				ENABLE_STRICT_OBJC_MSGSEND = YES;
				ENABLE_TESTABILITY = YES;
				GCC_C_LANGUAGE_STANDARD = gnu11;
				GCC_DYNAMIC_NO_PIC = NO;
				GCC_NO_COMMON_BLOCKS = YES;
				GCC_OPTIMIZATION_LEVEL = 0;
				GCC_PREPROCESSOR_DEFINITIONS = (
					"DEBUG=1",
					"$(inherited)",
				);
				GCC_WARN_64_TO_32_BIT_CONVERSION = YES;
				GCC_WARN_ABOUT_RETURN_TYPE = YES_ERROR;
				GCC_WARN_UNDECLARED_SELECTOR = YES;
				GCC_WARN_UNINITIALIZED_AUTOS = YES_AGGRESSIVE;
				GCC_WARN_UNUSED_FUNCTION = YES;
				GCC_WARN_UNUSED_VARIABLE = YES;
				IPHONEOS_DEPLOYMENT_TARGET = 13.5;
				MTL_ENABLE_DEBUG_INFO = INCLUDE_SOURCE;
				MTL_FAST_MATH = YES;
				ONLY_ACTIVE_ARCH = YES;
				SDKROOT = iphoneos;
				SWIFT_ACTIVE_COMPILATION_CONDITIONS = DEBUG;
				SWIFT_OPTIMIZATION_LEVEL = "-Onone";
			};
			name = Debug;
		};
		8FD3BC8A247D02E3004B11CA /* Release */ = {
			isa = XCBuildConfiguration;
			buildSettings = {
				ALWAYS_SEARCH_USER_PATHS = NO;
				CLANG_ANALYZER_NONNULL = YES;
				CLANG_ANALYZER_NUMBER_OBJECT_CONVERSION = YES_AGGRESSIVE;
				CLANG_CXX_LANGUAGE_STANDARD = "gnu++14";
				CLANG_CXX_LIBRARY = "libc++";
				CLANG_ENABLE_MODULES = YES;
				CLANG_ENABLE_OBJC_ARC = YES;
				CLANG_ENABLE_OBJC_WEAK = YES;
				CLANG_WARN_BLOCK_CAPTURE_AUTORELEASING = YES;
				CLANG_WARN_BOOL_CONVERSION = YES;
				CLANG_WARN_COMMA = YES;
				CLANG_WARN_CONSTANT_CONVERSION = YES;
				CLANG_WARN_DEPRECATED_OBJC_IMPLEMENTATIONS = YES;
				CLANG_WARN_DIRECT_OBJC_ISA_USAGE = YES_ERROR;
				CLANG_WARN_DOCUMENTATION_COMMENTS = YES;
				CLANG_WARN_EMPTY_BODY = YES;
				CLANG_WARN_ENUM_CONVERSION = YES;
				CLANG_WARN_INFINITE_RECURSION = YES;
				CLANG_WARN_INT_CONVERSION = YES;
				CLANG_WARN_NON_LITERAL_NULL_CONVERSION = YES;
				CLANG_WARN_OBJC_IMPLICIT_RETAIN_SELF = YES;
				CLANG_WARN_OBJC_LITERAL_CONVERSION = YES;
				CLANG_WARN_OBJC_ROOT_CLASS = YES_ERROR;
				CLANG_WARN_RANGE_LOOP_ANALYSIS = YES;
				CLANG_WARN_STRICT_PROTOTYPES = YES;
				CLANG_WARN_SUSPICIOUS_MOVE = YES;
				CLANG_WARN_UNGUARDED_AVAILABILITY = YES_AGGRESSIVE;
				CLANG_WARN_UNREACHABLE_CODE = YES;
				CLANG_WARN__DUPLICATE_METHOD_MATCH = YES;
				COPY_PHASE_STRIP = NO;
				DEBUG_INFORMATION_FORMAT = "dwarf-with-dsym";
				ENABLE_NS_ASSERTIONS = NO;
				ENABLE_STRICT_OBJC_MSGSEND = YES;
				GCC_C_LANGUAGE_STANDARD = gnu11;
				GCC_NO_COMMON_BLOCKS = YES;
				GCC_WARN_64_TO_32_BIT_CONVERSION = YES;
				GCC_WARN_ABOUT_RETURN_TYPE = YES_ERROR;
				GCC_WARN_UNDECLARED_SELECTOR = YES;
				GCC_WARN_UNINITIALIZED_AUTOS = YES_AGGRESSIVE;
				GCC_WARN_UNUSED_FUNCTION = YES;
				GCC_WARN_UNUSED_VARIABLE = YES;
				IPHONEOS_DEPLOYMENT_TARGET = 13.5;
				MTL_ENABLE_DEBUG_INFO = NO;
				MTL_FAST_MATH = YES;
				SDKROOT = iphoneos;
				SWIFT_COMPILATION_MODE = wholemodule;
				SWIFT_OPTIMIZATION_LEVEL = "-O";
				VALIDATE_PRODUCT = YES;
			};
			name = Release;
		};
		8FD3BC8C247D02E3004B11CA /* Debug */ = {
			isa = XCBuildConfiguration;
			buildSettings = {
				ASSETCATALOG_COMPILER_APPICON_NAME = AppIcon;
				CODE_SIGN_STYLE = Automatic;
				DEVELOPMENT_ASSET_PATHS = "\"07-09 Challenge - iHabit/Preview Content\"";
				DEVELOPMENT_TEAM = 2Z95Q296XK;
				ENABLE_PREVIEWS = YES;
				INFOPLIST_FILE = "07-09 Challenge - iHabit/Info.plist";
				LD_RUNPATH_SEARCH_PATHS = (
					"$(inherited)",
					"@executable_path/Frameworks",
				);
				PRODUCT_BUNDLE_IDENTIFIER = "com.neeka.-7-09-Challenge---iHabit";
				PRODUCT_NAME = "$(TARGET_NAME)";
				SWIFT_VERSION = 5.0;
				TARGETED_DEVICE_FAMILY = "1,2";
			};
			name = Debug;
		};
		8FD3BC8D247D02E3004B11CA /* Release */ = {
			isa = XCBuildConfiguration;
			buildSettings = {
				ASSETCATALOG_COMPILER_APPICON_NAME = AppIcon;
				CODE_SIGN_STYLE = Automatic;
				DEVELOPMENT_ASSET_PATHS = "\"07-09 Challenge - iHabit/Preview Content\"";
				DEVELOPMENT_TEAM = 2Z95Q296XK;
				ENABLE_PREVIEWS = YES;
				INFOPLIST_FILE = "07-09 Challenge - iHabit/Info.plist";
				LD_RUNPATH_SEARCH_PATHS = (
					"$(inherited)",
					"@executable_path/Frameworks",
				);
				PRODUCT_BUNDLE_IDENTIFIER = "com.neeka.-7-09-Challenge---iHabit";
				PRODUCT_NAME = "$(TARGET_NAME)";
				SWIFT_VERSION = 5.0;
				TARGETED_DEVICE_FAMILY = "1,2";
			};
			name = Release;
		};
/* End XCBuildConfiguration section */

/* Begin XCConfigurationList section */
		8FD3BC72247D02E2004B11CA /* Build configuration list for PBXProject "07-09 Challenge - iHabit" */ = {
			isa = XCConfigurationList;
			buildConfigurations = (
				8FD3BC89247D02E3004B11CA /* Debug */,
				8FD3BC8A247D02E3004B11CA /* Release */,
			);
			defaultConfigurationIsVisible = 0;
			defaultConfigurationName = Release;
		};
		8FD3BC8B247D02E3004B11CA /* Build configuration list for PBXNativeTarget "07-09 Challenge - iHabit" */ = {
			isa = XCConfigurationList;
			buildConfigurations = (
				8FD3BC8C247D02E3004B11CA /* Debug */,
				8FD3BC8D247D02E3004B11CA /* Release */,
			);
			defaultConfigurationIsVisible = 0;
			defaultConfigurationName = Release;
		};
/* End XCConfigurationList section */
	};
	rootObject = 8FD3BC6F247D02E2004B11CA /* Project object */;
}
