// !$*UTF8*$!
{
	archiveVersion = 1;
	classes = {
	};
	objectVersion = 50;
	objects = {

/* Begin PBXBuildFile section */
		8FC2550B245BDCD8003C3E6D /* AppDelegate.swift in Sources */ = {isa = PBXBuildFile; fileRef = 8FC2550A245BDCD8003C3E6D /* AppDelegate.swift */; };
		8FC2550D245BDCD8003C3E6D /* SceneDelegate.swift in Sources */ = {isa = PBXBuildFile; fileRef = 8FC2550C245BDCD8003C3E6D /* SceneDelegate.swift */; };
		8FC2550F245BDCD8003C3E6D /* ContentView.swift in Sources */ = {isa = PBXBuildFile; fileRef = 8FC2550E245BDCD8003C3E6D /* ContentView.swift */; };
		8FC25511245BDCDA003C3E6D /* Assets.xcassets in Resources */ = {isa = PBXBuildFile; fileRef = 8FC25510245BDCDA003C3E6D /* Assets.xcassets */; };
		8FC25514245BDCDA003C3E6D /* Preview Assets.xcassets in Resources */ = {isa = PBXBuildFile; fileRef = 8FC25513245BDCDA003C3E6D /* Preview Assets.xcassets */; };
		8FC25517245BDCDA003C3E6D /* LaunchScreen.storyboard in Resources */ = {isa = PBXBuildFile; fileRef = 8FC25515245BDCDA003C3E6D /* LaunchScreen.storyboard */; };
		8FC2551F245BDEFB003C3E6D /* BehindTheMainSwiftUIView.swift in Sources */ = {isa = PBXBuildFile; fileRef = 8FC2551E245BDEFB003C3E6D /* BehindTheMainSwiftUIView.swift */; };
		8FC25521245BDF86003C3E6D /* ModifierOrder.swift in Sources */ = {isa = PBXBuildFile; fileRef = 8FC25520245BDF86003C3E6D /* ModifierOrder.swift */; };
		8FC25524245BE2E2003C3E6D /* SomeView.swift in Sources */ = {isa = PBXBuildFile; fileRef = 8FC25523245BE2E2003C3E6D /* SomeView.swift */; };
		8FC25526245D289E003C3E6D /* ConditionalModifiers.swift in Sources */ = {isa = PBXBuildFile; fileRef = 8FC25525245D289E003C3E6D /* ConditionalModifiers.swift */; };
		8FC25528245D2A01003C3E6D /* EnvironmentModifiers.swift in Sources */ = {isa = PBXBuildFile; fileRef = 8FC25527245D2A01003C3E6D /* EnvironmentModifiers.swift */; };
		8FC2552A245D2BBA003C3E6D /* ViewsAsProperties.swift in Sources */ = {isa = PBXBuildFile; fileRef = 8FC25529245D2BBA003C3E6D /* ViewsAsProperties.swift */; };
		8FC2552C245D2E0D003C3E6D /* ViewComposition.swift in Sources */ = {isa = PBXBuildFile; fileRef = 8FC2552B245D2E0D003C3E6D /* ViewComposition.swift */; };
		8FC2552E245D2FE0003C3E6D /* CustomModifiers.swift in Sources */ = {isa = PBXBuildFile; fileRef = 8FC2552D245D2FE0003C3E6D /* CustomModifiers.swift */; };
		8FC25530245D3422003C3E6D /* CustomContainers.swift in Sources */ = {isa = PBXBuildFile; fileRef = 8FC2552F245D3422003C3E6D /* CustomContainers.swift */; };
/* End PBXBuildFile section */

/* Begin PBXFileReference section */
		8FC25507245BDCD8003C3E6D /* 03 ViewsAndModifiers.app */ = {isa = PBXFileReference; explicitFileType = wrapper.application; includeInIndex = 0; path = "03 ViewsAndModifiers.app"; sourceTree = BUILT_PRODUCTS_DIR; };
		8FC2550A245BDCD8003C3E6D /* AppDelegate.swift */ = {isa = PBXFileReference; lastKnownFileType = sourcecode.swift; path = AppDelegate.swift; sourceTree = "<group>"; };
		8FC2550C245BDCD8003C3E6D /* SceneDelegate.swift */ = {isa = PBXFileReference; lastKnownFileType = sourcecode.swift; path = SceneDelegate.swift; sourceTree = "<group>"; };
		8FC2550E245BDCD8003C3E6D /* ContentView.swift */ = {isa = PBXFileReference; lastKnownFileType = sourcecode.swift; path = ContentView.swift; sourceTree = "<group>"; };
		8FC25510245BDCDA003C3E6D /* Assets.xcassets */ = {isa = PBXFileReference; lastKnownFileType = folder.assetcatalog; path = Assets.xcassets; sourceTree = "<group>"; };
		8FC25513245BDCDA003C3E6D /* Preview Assets.xcassets */ = {isa = PBXFileReference; lastKnownFileType = folder.assetcatalog; path = "Preview Assets.xcassets"; sourceTree = "<group>"; };
		8FC25516245BDCDA003C3E6D /* Base */ = {isa = PBXFileReference; lastKnownFileType = file.storyboard; name = Base; path = Base.lproj/LaunchScreen.storyboard; sourceTree = "<group>"; };
		8FC25518245BDCDA003C3E6D /* Info.plist */ = {isa = PBXFileReference; lastKnownFileType = text.plist.xml; path = Info.plist; sourceTree = "<group>"; };
		8FC2551E245BDEFB003C3E6D /* BehindTheMainSwiftUIView.swift */ = {isa = PBXFileReference; lastKnownFileType = sourcecode.swift; path = BehindTheMainSwiftUIView.swift; sourceTree = "<group>"; };
		8FC25520245BDF86003C3E6D /* ModifierOrder.swift */ = {isa = PBXFileReference; lastKnownFileType = sourcecode.swift; path = ModifierOrder.swift; sourceTree = "<group>"; };
		8FC25523245BE2E2003C3E6D /* SomeView.swift */ = {isa = PBXFileReference; lastKnownFileType = sourcecode.swift; path = SomeView.swift; sourceTree = "<group>"; };
		8FC25525245D289E003C3E6D /* ConditionalModifiers.swift */ = {isa = PBXFileReference; lastKnownFileType = sourcecode.swift; path = ConditionalModifiers.swift; sourceTree = "<group>"; };
		8FC25527245D2A01003C3E6D /* EnvironmentModifiers.swift */ = {isa = PBXFileReference; lastKnownFileType = sourcecode.swift; path = EnvironmentModifiers.swift; sourceTree = "<group>"; };
		8FC25529245D2BBA003C3E6D /* ViewsAsProperties.swift */ = {isa = PBXFileReference; lastKnownFileType = sourcecode.swift; path = ViewsAsProperties.swift; sourceTree = "<group>"; };
		8FC2552B245D2E0D003C3E6D /* ViewComposition.swift */ = {isa = PBXFileReference; lastKnownFileType = sourcecode.swift; path = ViewComposition.swift; sourceTree = "<group>"; };
		8FC2552D245D2FE0003C3E6D /* CustomModifiers.swift */ = {isa = PBXFileReference; lastKnownFileType = sourcecode.swift; path = CustomModifiers.swift; sourceTree = "<group>"; };
		8FC2552F245D3422003C3E6D /* CustomContainers.swift */ = {isa = PBXFileReference; lastKnownFileType = sourcecode.swift; path = CustomContainers.swift; sourceTree = "<group>"; };
/* End PBXFileReference section */

/* Begin PBXFrameworksBuildPhase section */
		8FC25504245BDCD8003C3E6D /* Frameworks */ = {
			isa = PBXFrameworksBuildPhase;
			buildActionMask = 2147483647;
			files = (
			);
			runOnlyForDeploymentPostprocessing = 0;
		};
/* End PBXFrameworksBuildPhase section */

/* Begin PBXGroup section */
		8FC254FE245BDCD8003C3E6D = {
			isa = PBXGroup;
			children = (
				8FC25509245BDCD8003C3E6D /* 03 ViewsAndModifiers */,
				8FC25508245BDCD8003C3E6D /* Products */,
			);
			sourceTree = "<group>";
		};
		8FC25508245BDCD8003C3E6D /* Products */ = {
			isa = PBXGroup;
			children = (
				8FC25507245BDCD8003C3E6D /* 03 ViewsAndModifiers.app */,
			);
			name = Products;
			sourceTree = "<group>";
		};
		8FC25509245BDCD8003C3E6D /* 03 ViewsAndModifiers */ = {
			isa = PBXGroup;
			children = (
				8FC2550A245BDCD8003C3E6D /* AppDelegate.swift */,
				8FC2550C245BDCD8003C3E6D /* SceneDelegate.swift */,
				8FC2550E245BDCD8003C3E6D /* ContentView.swift */,
				8FC25522245BDFCE003C3E6D /* Introduction */,
				8FC25510245BDCDA003C3E6D /* Assets.xcassets */,
				8FC25515245BDCDA003C3E6D /* LaunchScreen.storyboard */,
				8FC25518245BDCDA003C3E6D /* Info.plist */,
				8FC25512245BDCDA003C3E6D /* Preview Content */,
			);
			path = "03 ViewsAndModifiers";
			sourceTree = "<group>";
		};
		8FC25512245BDCDA003C3E6D /* Preview Content */ = {
			isa = PBXGroup;
			children = (
				8FC25513245BDCDA003C3E6D /* Preview Assets.xcassets */,
			);
			path = "Preview Content";
			sourceTree = "<group>";
		};
		8FC25522245BDFCE003C3E6D /* Introduction */ = {
			isa = PBXGroup;
			children = (
				8FC2551E245BDEFB003C3E6D /* BehindTheMainSwiftUIView.swift */,
				8FC25520245BDF86003C3E6D /* ModifierOrder.swift */,
				8FC25523245BE2E2003C3E6D /* SomeView.swift */,
				8FC25525245D289E003C3E6D /* ConditionalModifiers.swift */,
				8FC25527245D2A01003C3E6D /* EnvironmentModifiers.swift */,
				8FC25529245D2BBA003C3E6D /* ViewsAsProperties.swift */,
				8FC2552B245D2E0D003C3E6D /* ViewComposition.swift */,
				8FC2552D245D2FE0003C3E6D /* CustomModifiers.swift */,
				8FC2552F245D3422003C3E6D /* CustomContainers.swift */,
			);
			path = Introduction;
			sourceTree = "<group>";
		};
/* End PBXGroup section */

/* Begin PBXNativeTarget section */
		8FC25506245BDCD8003C3E6D /* 03 ViewsAndModifiers */ = {
			isa = PBXNativeTarget;
			buildConfigurationList = 8FC2551B245BDCDA003C3E6D /* Build configuration list for PBXNativeTarget "03 ViewsAndModifiers" */;
			buildPhases = (
				8FC25503245BDCD8003C3E6D /* Sources */,
				8FC25504245BDCD8003C3E6D /* Frameworks */,
				8FC25505245BDCD8003C3E6D /* Resources */,
			);
			buildRules = (
			);
			dependencies = (
			);
			name = "03 ViewsAndModifiers";
			productName = "03 ViewsAndModifiers";
			productReference = 8FC25507245BDCD8003C3E6D /* 03 ViewsAndModifiers.app */;
			productType = "com.apple.product-type.application";
		};
/* End PBXNativeTarget section */

/* Begin PBXProject section */
		8FC254FF245BDCD8003C3E6D /* Project object */ = {
			isa = PBXProject;
			attributes = {
				LastSwiftUpdateCheck = 1140;
				LastUpgradeCheck = 1140;
				ORGANIZATIONNAME = Neeka;
				TargetAttributes = {
					8FC25506245BDCD8003C3E6D = {
						CreatedOnToolsVersion = 11.4.1;
					};
				};
			};
			buildConfigurationList = 8FC25502245BDCD8003C3E6D /* Build configuration list for PBXProject "03 ViewsAndModifiers" */;
			compatibilityVersion = "Xcode 9.3";
			developmentRegion = en;
			hasScannedForEncodings = 0;
			knownRegions = (
				en,
				Base,
			);
			mainGroup = 8FC254FE245BDCD8003C3E6D;
			productRefGroup = 8FC25508245BDCD8003C3E6D /* Products */;
			projectDirPath = "";
			projectRoot = "";
			targets = (
				8FC25506245BDCD8003C3E6D /* 03 ViewsAndModifiers */,
			);
		};
/* End PBXProject section */

/* Begin PBXResourcesBuildPhase section */
		8FC25505245BDCD8003C3E6D /* Resources */ = {
			isa = PBXResourcesBuildPhase;
			buildActionMask = 2147483647;
			files = (
				8FC25517245BDCDA003C3E6D /* LaunchScreen.storyboard in Resources */,
				8FC25514245BDCDA003C3E6D /* Preview Assets.xcassets in Resources */,
				8FC25511245BDCDA003C3E6D /* Assets.xcassets in Resources */,
			);
			runOnlyForDeploymentPostprocessing = 0;
		};
/* End PBXResourcesBuildPhase section */

/* Begin PBXSourcesBuildPhase section */
		8FC25503245BDCD8003C3E6D /* Sources */ = {
			isa = PBXSourcesBuildPhase;
			buildActionMask = 2147483647;
			files = (
				8FC25521245BDF86003C3E6D /* ModifierOrder.swift in Sources */,
				8FC2552C245D2E0D003C3E6D /* ViewComposition.swift in Sources */,
				8FC25530245D3422003C3E6D /* CustomContainers.swift in Sources */,
				8FC2552A245D2BBA003C3E6D /* ViewsAsProperties.swift in Sources */,
				8FC2550B245BDCD8003C3E6D /* AppDelegate.swift in Sources */,
				8FC25524245BE2E2003C3E6D /* SomeView.swift in Sources */,
				8FC2550D245BDCD8003C3E6D /* SceneDelegate.swift in Sources */,
				8FC25528245D2A01003C3E6D /* EnvironmentModifiers.swift in Sources */,
				8FC2550F245BDCD8003C3E6D /* ContentView.swift in Sources */,
				8FC2551F245BDEFB003C3E6D /* BehindTheMainSwiftUIView.swift in Sources */,
				8FC2552E245D2FE0003C3E6D /* CustomModifiers.swift in Sources */,
				8FC25526245D289E003C3E6D /* ConditionalModifiers.swift in Sources */,
			);
			runOnlyForDeploymentPostprocessing = 0;
		};
/* End PBXSourcesBuildPhase section */

/* Begin PBXVariantGroup section */
		8FC25515245BDCDA003C3E6D /* LaunchScreen.storyboard */ = {
			isa = PBXVariantGroup;
			children = (
				8FC25516245BDCDA003C3E6D /* Base */,
			);
			name = LaunchScreen.storyboard;
			sourceTree = "<group>";
		};
/* End PBXVariantGroup section */

/* Begin XCBuildConfiguration section */
		8FC25519245BDCDA003C3E6D /* Debug */ = {
			isa = XCBuildConfiguration;
			buildSettings = {
				ALWAYS_SEARCH_USER_PATHS = NO;
				CLANG_ANALYZER_NONNULL = YES;
				CLANG_ANALYZER_NUMBER_OBJECT_CONVERSION = YES_AGGRESSIVE;
				CLANG_CXX_LANGUAGE_STANDARD = "gnu++14";
				CLANG_CXX_LIBRARY = "libc++";
				CLANG_ENABLE_MODULES = YES;
				CLANG_ENABLE_OBJC_ARC = YES;
				CLANG_ENABLE_OBJC_WEAK = YES;
				CLANG_WARN_BLOCK_CAPTURE_AUTORELEASING = YES;
				CLANG_WARN_BOOL_CONVERSION = YES;
				CLANG_WARN_COMMA = YES;
				CLANG_WARN_CONSTANT_CONVERSION = YES;
				CLANG_WARN_DEPRECATED_OBJC_IMPLEMENTATIONS = YES;
				CLANG_WARN_DIRECT_OBJC_ISA_USAGE = YES_ERROR;
				CLANG_WARN_DOCUMENTATION_COMMENTS = YES;
				CLANG_WARN_EMPTY_BODY = YES;
				CLANG_WARN_ENUM_CONVERSION = YES;
				CLANG_WARN_INFINITE_RECURSION = YES;
				CLANG_WARN_INT_CONVERSION = YES;
				CLANG_WARN_NON_LITERAL_NULL_CONVERSION = YES;
				CLANG_WARN_OBJC_IMPLICIT_RETAIN_SELF = YES;
				CLANG_WARN_OBJC_LITERAL_CONVERSION = YES;
				CLANG_WARN_OBJC_ROOT_CLASS = YES_ERROR;
				CLANG_WARN_RANGE_LOOP_ANALYSIS = YES;
				CLANG_WARN_STRICT_PROTOTYPES = YES;
				CLANG_WARN_SUSPICIOUS_MOVE = YES;
				CLANG_WARN_UNGUARDED_AVAILABILITY = YES_AGGRESSIVE;
				CLANG_WARN_UNREACHABLE_CODE = YES;
				CLANG_WARN__DUPLICATE_METHOD_MATCH = YES;
				COPY_PHASE_STRIP = NO;
				DEBUG_INFORMATION_FORMAT = dwarf;
				ENABLE_STRICT_OBJC_MSGSEND = YES;
				ENABLE_TESTABILITY = YES;
				GCC_C_LANGUAGE_STANDARD = gnu11;
				GCC_DYNAMIC_NO_PIC = NO;
				GCC_NO_COMMON_BLOCKS = YES;
				GCC_OPTIMIZATION_LEVEL = 0;
				GCC_PREPROCESSOR_DEFINITIONS = (
					"DEBUG=1",
					"$(inherited)",
				);
				GCC_WARN_64_TO_32_BIT_CONVERSION = YES;
				GCC_WARN_ABOUT_RETURN_TYPE = YES_ERROR;
				GCC_WARN_UNDECLARED_SELECTOR = YES;
				GCC_WARN_UNINITIALIZED_AUTOS = YES_AGGRESSIVE;
				GCC_WARN_UNUSED_FUNCTION = YES;
				GCC_WARN_UNUSED_VARIABLE = YES;
				IPHONEOS_DEPLOYMENT_TARGET = 13.4;
				MTL_ENABLE_DEBUG_INFO = INCLUDE_SOURCE;
				MTL_FAST_MATH = YES;
				ONLY_ACTIVE_ARCH = YES;
				SDKROOT = iphoneos;
				SWIFT_ACTIVE_COMPILATION_CONDITIONS = DEBUG;
				SWIFT_OPTIMIZATION_LEVEL = "-Onone";
			};
			name = Debug;
		};
		8FC2551A245BDCDA003C3E6D /* Release */ = {
			isa = XCBuildConfiguration;
			buildSettings = {
				ALWAYS_SEARCH_USER_PATHS = NO;
				CLANG_ANALYZER_NONNULL = YES;
				CLANG_ANALYZER_NUMBER_OBJECT_CONVERSION = YES_AGGRESSIVE;
				CLANG_CXX_LANGUAGE_STANDARD = "gnu++14";
				CLANG_CXX_LIBRARY = "libc++";
				CLANG_ENABLE_MODULES = YES;
				CLANG_ENABLE_OBJC_ARC = YES;
				CLANG_ENABLE_OBJC_WEAK = YES;
				CLANG_WARN_BLOCK_CAPTURE_AUTORELEASING = YES;
				CLANG_WARN_BOOL_CONVERSION = YES;
				CLANG_WARN_COMMA = YES;
				CLANG_WARN_CONSTANT_CONVERSION = YES;
				CLANG_WARN_DEPRECATED_OBJC_IMPLEMENTATIONS = YES;
				CLANG_WARN_DIRECT_OBJC_ISA_USAGE = YES_ERROR;
				CLANG_WARN_DOCUMENTATION_COMMENTS = YES;
				CLANG_WARN_EMPTY_BODY = YES;
				CLANG_WARN_ENUM_CONVERSION = YES;
				CLANG_WARN_INFINITE_RECURSION = YES;
				CLANG_WARN_INT_CONVERSION = YES;
				CLANG_WARN_NON_LITERAL_NULL_CONVERSION = YES;
				CLANG_WARN_OBJC_IMPLICIT_RETAIN_SELF = YES;
				CLANG_WARN_OBJC_LITERAL_CONVERSION = YES;
				CLANG_WARN_OBJC_ROOT_CLASS = YES_ERROR;
				CLANG_WARN_RANGE_LOOP_ANALYSIS = YES;
				CLANG_WARN_STRICT_PROTOTYPES = YES;
				CLANG_WARN_SUSPICIOUS_MOVE = YES;
				CLANG_WARN_UNGUARDED_AVAILABILITY = YES_AGGRESSIVE;
				CLANG_WARN_UNREACHABLE_CODE = YES;
				CLANG_WARN__DUPLICATE_METHOD_MATCH = YES;
				COPY_PHASE_STRIP = NO;
				DEBUG_INFORMATION_FORMAT = "dwarf-with-dsym";
				ENABLE_NS_ASSERTIONS = NO;
				ENABLE_STRICT_OBJC_MSGSEND = YES;
				GCC_C_LANGUAGE_STANDARD = gnu11;
				GCC_NO_COMMON_BLOCKS = YES;
				GCC_WARN_64_TO_32_BIT_CONVERSION = YES;
				GCC_WARN_ABOUT_RETURN_TYPE = YES_ERROR;
				GCC_WARN_UNDECLARED_SELECTOR = YES;
				GCC_WARN_UNINITIALIZED_AUTOS = YES_AGGRESSIVE;
				GCC_WARN_UNUSED_FUNCTION = YES;
				GCC_WARN_UNUSED_VARIABLE = YES;
				IPHONEOS_DEPLOYMENT_TARGET = 13.4;
				MTL_ENABLE_DEBUG_INFO = NO;
				MTL_FAST_MATH = YES;
				SDKROOT = iphoneos;
				SWIFT_COMPILATION_MODE = wholemodule;
				SWIFT_OPTIMIZATION_LEVEL = "-O";
				VALIDATE_PRODUCT = YES;
			};
			name = Release;
		};
		8FC2551C245BDCDA003C3E6D /* Debug */ = {
			isa = XCBuildConfiguration;
			buildSettings = {
				ASSETCATALOG_COMPILER_APPICON_NAME = AppIcon;
				CODE_SIGN_STYLE = Automatic;
				DEVELOPMENT_ASSET_PATHS = "\"03 ViewsAndModifiers/Preview Content\"";
				DEVELOPMENT_TEAM = 2Z95Q296XK;
				ENABLE_PREVIEWS = YES;
				INFOPLIST_FILE = "03 ViewsAndModifiers/Info.plist";
				LD_RUNPATH_SEARCH_PATHS = (
					"$(inherited)",
					"@executable_path/Frameworks",
				);
				PRODUCT_BUNDLE_IDENTIFIER = "com.neeka.-3-ViewsAndModifiers";
				PRODUCT_NAME = "$(TARGET_NAME)";
				SWIFT_VERSION = 5.0;
				TARGETED_DEVICE_FAMILY = "1,2";
			};
			name = Debug;
		};
		8FC2551D245BDCDA003C3E6D /* Release */ = {
			isa = XCBuildConfiguration;
			buildSettings = {
				ASSETCATALOG_COMPILER_APPICON_NAME = AppIcon;
				CODE_SIGN_STYLE = Automatic;
				DEVELOPMENT_ASSET_PATHS = "\"03 ViewsAndModifiers/Preview Content\"";
				DEVELOPMENT_TEAM = 2Z95Q296XK;
				ENABLE_PREVIEWS = YES;
				INFOPLIST_FILE = "03 ViewsAndModifiers/Info.plist";
				LD_RUNPATH_SEARCH_PATHS = (
					"$(inherited)",
					"@executable_path/Frameworks",
				);
				PRODUCT_BUNDLE_IDENTIFIER = "com.neeka.-3-ViewsAndModifiers";
				PRODUCT_NAME = "$(TARGET_NAME)";
				SWIFT_VERSION = 5.0;
				TARGETED_DEVICE_FAMILY = "1,2";
			};
			name = Release;
		};
/* End XCBuildConfiguration section */

/* Begin XCConfigurationList section */
		8FC25502245BDCD8003C3E6D /* Build configuration list for PBXProject "03 ViewsAndModifiers" */ = {
			isa = XCConfigurationList;
			buildConfigurations = (
				8FC25519245BDCDA003C3E6D /* Debug */,
				8FC2551A245BDCDA003C3E6D /* Release */,
			);
			defaultConfigurationIsVisible = 0;
			defaultConfigurationName = Release;
		};
		8FC2551B245BDCDA003C3E6D /* Build configuration list for PBXNativeTarget "03 ViewsAndModifiers" */ = {
			isa = XCConfigurationList;
			buildConfigurations = (
				8FC2551C245BDCDA003C3E6D /* Debug */,
				8FC2551D245BDCDA003C3E6D /* Release */,
			);
			defaultConfigurationIsVisible = 0;
			defaultConfigurationName = Release;
		};
/* End XCConfigurationList section */
	};
	rootObject = 8FC254FF245BDCD8003C3E6D /* Project object */;
}
